
Microsoft Visual Studio Solution File, Format Version 12.00
# Visual Studio Version 17
VisualStudioVersion = 17.10.35122.118
MinimumVisualStudioVersion = 10.0.40219.1
Project("{FAE04EC0-301F-11D3-BF4B-00C04F79EFBC}") = "Task13.6.2", "Task13.6.2\Task13.6.2.csproj", "{635DB804-07CE-43D3-AED1-A6A1AA10548E}"
EndProject
Global
	GlobalSection(SolutionConfigurationPlatforms) = preSolution
		Debug|Any CPU = Debug|Any CPU
		Release|Any CPU = Release|Any CPU
	EndGlobalSection
	GlobalSection(ProjectConfigurationPlatforms) = postSolution
		{635DB804-07CE-43D3-AED1-A6A1AA10548E}.Debug|Any CPU.ActiveCfg = Debug|Any CPU
		{635DB804-07CE-43D3-AED1-A6A1AA10548E}.Debug|Any CPU.Build.0 = Debug|Any CPU
		{635DB804-07CE-43D3-AED1-A6A1AA10548E}.Release|Any CPU.ActiveCfg = Release|Any CPU
		{635DB804-07CE-43D3-AED1-A6A1AA10548E}.Release|Any CPU.Build.0 = Release|Any CPU
	EndGlobalSection
	GlobalSection(SolutionProperties) = preSolution
		HideSolutionNode = FALSE
	EndGlobalSection
	GlobalSection(ExtensibilityGlobals) = postSolution
		SolutionGuid = {5527DBFA-63BC-43CE-B6BC-76A94A74C899}
	EndGlobalSection
EndGlobal
